
Microsoft Visual Studio Solution File, Format Version 12.00
Project("{FAE04EC0-301F-11D3-BF4B-00C04F79EFBC}") = "Mobo", "Mobo\Mobo.csproj", "{43BA7B06-2E44-4C48-88C2-8AB0BBC8C6A1}"
EndProject
Project("{FAE04EC0-301F-11D3-BF4B-00C04F79EFBC}") = "Mobo.Tests", "Mobo.Tests\Mobo.Tests.csproj", "{03629A8C-8F69-42BA-A7D8-D46F6DE366D8}"
EndProject
Project("{FAE04EC0-301F-11D3-BF4B-00C04F79EFBC}") = "Mobo.Blazor", "Mobo.Blazor\Mobo.Blazor.csproj", "{ECCF1E24-EF64-42A8-9104-ADE3ABD1F5FD}"
EndProject
Project("{FAE04EC0-301F-11D3-BF4B-00C04F79EFBC}") = "Mobo.AcceptanceTests", "Mobo.AcceptanceTests\Mobo.AcceptanceTests.csproj", "{35F9A2A0-5174-4032-B6C2-502FB800059F}"
EndProject
Global
	GlobalSection(SolutionConfigurationPlatforms) = preSolution
		Debug|Any CPU = Debug|Any CPU
		Release|Any CPU = Release|Any CPU
	EndGlobalSection
	GlobalSection(ProjectConfigurationPlatforms) = postSolution
		{43BA7B06-2E44-4C48-88C2-8AB0BBC8C6A1}.Debug|Any CPU.ActiveCfg = Debug|Any CPU
		{43BA7B06-2E44-4C48-88C2-8AB0BBC8C6A1}.Debug|Any CPU.Build.0 = Debug|Any CPU
		{43BA7B06-2E44-4C48-88C2-8AB0BBC8C6A1}.Release|Any CPU.ActiveCfg = Release|Any CPU
		{43BA7B06-2E44-4C48-88C2-8AB0BBC8C6A1}.Release|Any CPU.Build.0 = Release|Any CPU
		{03629A8C-8F69-42BA-A7D8-D46F6DE366D8}.Debug|Any CPU.ActiveCfg = Debug|Any CPU
		{03629A8C-8F69-42BA-A7D8-D46F6DE366D8}.Debug|Any CPU.Build.0 = Debug|Any CPU
		{03629A8C-8F69-42BA-A7D8-D46F6DE366D8}.Release|Any CPU.ActiveCfg = Release|Any CPU
		{03629A8C-8F69-42BA-A7D8-D46F6DE366D8}.Release|Any CPU.Build.0 = Release|Any CPU
		{ECCF1E24-EF64-42A8-9104-ADE3ABD1F5FD}.Debug|Any CPU.ActiveCfg = Debug|Any CPU
		{ECCF1E24-EF64-42A8-9104-ADE3ABD1F5FD}.Debug|Any CPU.Build.0 = Debug|Any CPU
		{ECCF1E24-EF64-42A8-9104-ADE3ABD1F5FD}.Release|Any CPU.ActiveCfg = Release|Any CPU
		{ECCF1E24-EF64-42A8-9104-ADE3ABD1F5FD}.Release|Any CPU.Build.0 = Release|Any CPU
		{35F9A2A0-5174-4032-B6C2-502FB800059F}.Debug|Any CPU.ActiveCfg = Debug|Any CPU
		{35F9A2A0-5174-4032-B6C2-502FB800059F}.Debug|Any CPU.Build.0 = Debug|Any CPU
		{35F9A2A0-5174-4032-B6C2-502FB800059F}.Release|Any CPU.ActiveCfg = Release|Any CPU
		{35F9A2A0-5174-4032-B6C2-502FB800059F}.Release|Any CPU.Build.0 = Release|Any CPU
	EndGlobalSection
EndGlobal
